// !$*UTF8*$!
{
	archiveVersion = 1;
	classes = {
	};
	objectVersion = 50;
	objects = {

/* Begin PBXBuildFile section */
		1508152626B30A6E00660A82 /* API_HackwichApp.swift in Sources */ = {isa = PBXBuildFile; fileRef = 1508152526B30A6E00660A82 /* API_HackwichApp.swift */; };
		1508152826B30A6E00660A82 /* ContentView.swift in Sources */ = {isa = PBXBuildFile; fileRef = 1508152726B30A6E00660A82 /* ContentView.swift */; };
		1508152A26B30A7900660A82 /* Assets.xcassets in Resources */ = {isa = PBXBuildFile; fileRef = 1508152926B30A7900660A82 /* Assets.xcassets */; };
		1508152D26B30A7900660A82 /* Preview Assets.xcassets in Resources */ = {isa = PBXBuildFile; fileRef = 1508152C26B30A7900660A82 /* Preview Assets.xcassets */; };
		1508153826B30A7A00660A82 /* API_HackwichTests.swift in Sources */ = {isa = PBXBuildFile; fileRef = 1508153726B30A7A00660A82 /* API_HackwichTests.swift */; };
		1508154326B30A7A00660A82 /* API_HackwichUITests.swift in Sources */ = {isa = PBXBuildFile; fileRef = 1508154226B30A7A00660A82 /* API_HackwichUITests.swift */; };
/* End PBXBuildFile section */

/* Begin PBXContainerItemProxy section */
		1508153426B30A7A00660A82 /* PBXContainerItemProxy */ = {
			isa = PBXContainerItemProxy;
			containerPortal = 1508151A26B30A6E00660A82 /* Project object */;
			proxyType = 1;
			remoteGlobalIDString = 1508152126B30A6E00660A82;
			remoteInfo = "API Hackwich";
		};
		1508153F26B30A7A00660A82 /* PBXContainerItemProxy */ = {
			isa = PBXContainerItemProxy;
			containerPortal = 1508151A26B30A6E00660A82 /* Project object */;
			proxyType = 1;
			remoteGlobalIDString = 1508152126B30A6E00660A82;
			remoteInfo = "API Hackwich";
		};
/* End PBXContainerItemProxy section */

/* Begin PBXFileReference section */
		1508152226B30A6E00660A82 /* API Hackwich.app */ = {isa = PBXFileReference; explicitFileType = wrapper.application; includeInIndex = 0; path = "API Hackwich.app"; sourceTree = BUILT_PRODUCTS_DIR; };
		1508152526B30A6E00660A82 /* API_HackwichApp.swift */ = {isa = PBXFileReference; lastKnownFileType = sourcecode.swift; path = API_HackwichApp.swift; sourceTree = "<group>"; };
		1508152726B30A6E00660A82 /* ContentView.swift */ = {isa = PBXFileReference; lastKnownFileType = sourcecode.swift; path = ContentView.swift; sourceTree = "<group>"; };
		1508152926B30A7900660A82 /* Assets.xcassets */ = {isa = PBXFileReference; lastKnownFileType = folder.assetcatalog; path = Assets.xcassets; sourceTree = "<group>"; };
		1508152C26B30A7900660A82 /* Preview Assets.xcassets */ = {isa = PBXFileReference; lastKnownFileType = folder.assetcatalog; path = "Preview Assets.xcassets"; sourceTree = "<group>"; };
		1508152E26B30A7900660A82 /* Info.plist */ = {isa = PBXFileReference; lastKnownFileType = text.plist.xml; path = Info.plist; sourceTree = "<group>"; };
		1508153326B30A7A00660A82 /* API HackwichTests.xctest */ = {isa = PBXFileReference; explicitFileType = wrapper.cfbundle; includeInIndex = 0; path = "API HackwichTests.xctest"; sourceTree = BUILT_PRODUCTS_DIR; };
		1508153726B30A7A00660A82 /* API_HackwichTests.swift */ = {isa = PBXFileReference; lastKnownFileType = sourcecode.swift; path = API_HackwichTests.swift; sourceTree = "<group>"; };
		1508153926B30A7A00660A82 /* Info.plist */ = {isa = PBXFileReference; lastKnownFileType = text.plist.xml; path = Info.plist; sourceTree = "<group>"; };
		1508153E26B30A7A00660A82 /* API HackwichUITests.xctest */ = {isa = PBXFileReference; explicitFileType = wrapper.cfbundle; includeInIndex = 0; path = "API HackwichUITests.xctest"; sourceTree = BUILT_PRODUCTS_DIR; };
		1508154226B30A7A00660A82 /* API_HackwichUITests.swift */ = {isa = PBXFileReference; lastKnownFileType = sourcecode.swift; path = API_HackwichUITests.swift; sourceTree = "<group>"; };
		1508154426B30A7A00660A82 /* Info.plist */ = {isa = PBXFileReference; lastKnownFileType = text.plist.xml; path = Info.plist; sourceTree = "<group>"; };
/* End PBXFileReference section */

/* Begin PBXFrameworksBuildPhase section */
		1508151F26B30A6E00660A82 /* Frameworks */ = {
			isa = PBXFrameworksBuildPhase;
			buildActionMask = 2147483647;
			files = (
			);
			runOnlyForDeploymentPostprocessing = 0;
		};
		1508153026B30A7A00660A82 /* Frameworks */ = {
			isa = PBXFrameworksBuildPhase;
			buildActionMask = 2147483647;
			files = (
			);
			runOnlyForDeploymentPostprocessing = 0;
		};
		1508153B26B30A7A00660A82 /* Frameworks */ = {
			isa = PBXFrameworksBuildPhase;
			buildActionMask = 2147483647;
			files = (
			);
			runOnlyForDeploymentPostprocessing = 0;
		};
/* End PBXFrameworksBuildPhase section */

/* Begin PBXGroup section */
		1508151926B30A6E00660A82 = {
			isa = PBXGroup;
			children = (
				1508152426B30A6E00660A82 /* API Hackwich */,
				1508153626B30A7A00660A82 /* API HackwichTests */,
				1508154126B30A7A00660A82 /* API HackwichUITests */,
				1508152326B30A6E00660A82 /* Products */,
			);
			sourceTree = "<group>";
		};
		1508152326B30A6E00660A82 /* Products */ = {
			isa = PBXGroup;
			children = (
				1508152226B30A6E00660A82 /* API Hackwich.app */,
				1508153326B30A7A00660A82 /* API HackwichTests.xctest */,
				1508153E26B30A7A00660A82 /* API HackwichUITests.xctest */,
			);
			name = Products;
			sourceTree = "<group>";
		};
		1508152426B30A6E00660A82 /* API Hackwich */ = {
			isa = PBXGroup;
			children = (
				1508152526B30A6E00660A82 /* API_HackwichApp.swift */,
				1508152726B30A6E00660A82 /* ContentView.swift */,
				1508152926B30A7900660A82 /* Assets.xcassets */,
				1508152E26B30A7900660A82 /* Info.plist */,
				1508152B26B30A7900660A82 /* Preview Content */,
			);
			path = "API Hackwich";
			sourceTree = "<group>";
		};
		1508152B26B30A7900660A82 /* Preview Content */ = {
			isa = PBXGroup;
			children = (
				1508152C26B30A7900660A82 /* Preview Assets.xcassets */,
			);
			path = "Preview Content";
			sourceTree = "<group>";
		};
		1508153626B30A7A00660A82 /* API HackwichTests */ = {
			isa = PBXGroup;
			children = (
				1508153726B30A7A00660A82 /* API_HackwichTests.swift */,
				1508153926B30A7A00660A82 /* Info.plist */,
			);
			path = "API HackwichTests";
			sourceTree = "<group>";
		};
		1508154126B30A7A00660A82 /* API HackwichUITests */ = {
			isa = PBXGroup;
			children = (
				1508154226B30A7A00660A82 /* API_HackwichUITests.swift */,
				1508154426B30A7A00660A82 /* Info.plist */,
			);
			path = "API HackwichUITests";
			sourceTree = "<group>";
		};
/* End PBXGroup section */

/* Begin PBXNativeTarget section */
		1508152126B30A6E00660A82 /* API Hackwich */ = {
			isa = PBXNativeTarget;
			buildConfigurationList = 1508154726B30A7A00660A82 /* Build configuration list for PBXNativeTarget "API Hackwich" */;
			buildPhases = (
				1508151E26B30A6E00660A82 /* Sources */,
				1508151F26B30A6E00660A82 /* Frameworks */,
				1508152026B30A6E00660A82 /* Resources */,
			);
			buildRules = (
			);
			dependencies = (
			);
			name = "API Hackwich";
			productName = "API Hackwich";
			productReference = 1508152226B30A6E00660A82 /* API Hackwich.app */;
			productType = "com.apple.product-type.application";
		};
		1508153226B30A7A00660A82 /* API HackwichTests */ = {
			isa = PBXNativeTarget;
			buildConfigurationList = 1508154A26B30A7A00660A82 /* Build configuration list for PBXNativeTarget "API HackwichTests" */;
			buildPhases = (
				1508152F26B30A7A00660A82 /* Sources */,
				1508153026B30A7A00660A82 /* Frameworks */,
				1508153126B30A7A00660A82 /* Resources */,
			);
			buildRules = (
			);
			dependencies = (
				1508153526B30A7A00660A82 /* PBXTargetDependency */,
			);
			name = "API HackwichTests";
			productName = "API HackwichTests";
			productReference = 1508153326B30A7A00660A82 /* API HackwichTests.xctest */;
			productType = "com.apple.product-type.bundle.unit-test";
		};
		1508153D26B30A7A00660A82 /* API HackwichUITests */ = {
			isa = PBXNativeTarget;
			buildConfigurationList = 1508154D26B30A7A00660A82 /* Build configuration list for PBXNativeTarget "API HackwichUITests" */;
			buildPhases = (
				1508153A26B30A7A00660A82 /* Sources */,
				1508153B26B30A7A00660A82 /* Frameworks */,
				1508153C26B30A7A00660A82 /* Resources */,
			);
			buildRules = (
			);
			dependencies = (
				1508154026B30A7A00660A82 /* PBXTargetDependency */,
			);
			name = "API HackwichUITests";
			productName = "API HackwichUITests";
			productReference = 1508153E26B30A7A00660A82 /* API HackwichUITests.xctest */;
			productType = "com.apple.product-type.bundle.ui-testing";
		};
/* End PBXNativeTarget section */

/* Begin PBXProject section */
		1508151A26B30A6E00660A82 /* Project object */ = {
			isa = PBXProject;
			attributes = {
				LastSwiftUpdateCheck = 1250;
				LastUpgradeCheck = 1250;
				TargetAttributes = {
					1508152126B30A6E00660A82 = {
						CreatedOnToolsVersion = 12.5.1;
					};
					1508153226B30A7A00660A82 = {
						CreatedOnToolsVersion = 12.5.1;
						TestTargetID = 1508152126B30A6E00660A82;
					};
					1508153D26B30A7A00660A82 = {
						CreatedOnToolsVersion = 12.5.1;
						TestTargetID = 1508152126B30A6E00660A82;
					};
				};
			};
			buildConfigurationList = 1508151D26B30A6E00660A82 /* Build configuration list for PBXProject "API Hackwich" */;
			compatibilityVersion = "Xcode 9.3";
			developmentRegion = en;
			hasScannedForEncodings = 0;
			knownRegions = (
				en,
				Base,
			);
			mainGroup = 1508151926B30A6E00660A82;
			productRefGroup = 1508152326B30A6E00660A82 /* Products */;
			projectDirPath = "";
			projectRoot = "";
			targets = (
				1508152126B30A6E00660A82 /* API Hackwich */,
				1508153226B30A7A00660A82 /* API HackwichTests */,
				1508153D26B30A7A00660A82 /* API HackwichUITests */,
			);
		};
/* End PBXProject section */

/* Begin PBXResourcesBuildPhase section */
		1508152026B30A6E00660A82 /* Resources */ = {
			isa = PBXResourcesBuildPhase;
			buildActionMask = 2147483647;
			files = (
				1508152D26B30A7900660A82 /* Preview Assets.xcassets in Resources */,
				1508152A26B30A7900660A82 /* Assets.xcassets in Resources */,
			);
			runOnlyForDeploymentPostprocessing = 0;
		};
		1508153126B30A7A00660A82 /* Resources */ = {
			isa = PBXResourcesBuildPhase;
			buildActionMask = 2147483647;
			files = (
			);
			runOnlyForDeploymentPostprocessing = 0;
		};
		1508153C26B30A7A00660A82 /* Resources */ = {
			isa = PBXResourcesBuildPhase;
			buildActionMask = 2147483647;
			files = (
			);
			runOnlyForDeploymentPostprocessing = 0;
		};
/* End PBXResourcesBuildPhase section */

/* Begin PBXSourcesBuildPhase section */
		1508151E26B30A6E00660A82 /* Sources */ = {
			isa = PBXSourcesBuildPhase;
			buildActionMask = 2147483647;
			files = (
				1508152826B30A6E00660A82 /* ContentView.swift in Sources */,
				1508152626B30A6E00660A82 /* API_HackwichApp.swift in Sources */,
			);
			runOnlyForDeploymentPostprocessing = 0;
		};
		1508152F26B30A7A00660A82 /* Sources */ = {
			isa = PBXSourcesBuildPhase;
			buildActionMask = 2147483647;
			files = (
				1508153826B30A7A00660A82 /* API_HackwichTests.swift in Sources */,
			);
			runOnlyForDeploymentPostprocessing = 0;
		};
		1508153A26B30A7A00660A82 /* Sources */ = {
			isa = PBXSourcesBuildPhase;
			buildActionMask = 2147483647;
			files = (
				1508154326B30A7A00660A82 /* API_HackwichUITests.swift in Sources */,
			);
			runOnlyForDeploymentPostprocessing = 0;
		};
/* End PBXSourcesBuildPhase section */

/* Begin PBXTargetDependency section */
		1508153526B30A7A00660A82 /* PBXTargetDependency */ = {
			isa = PBXTargetDependency;
			target = 1508152126B30A6E00660A82 /* API Hackwich */;
			targetProxy = 1508153426B30A7A00660A82 /* PBXContainerItemProxy */;
		};
		1508154026B30A7A00660A82 /* PBXTargetDependency */ = {
			isa = PBXTargetDependency;
			target = 1508152126B30A6E00660A82 /* API Hackwich */;
			targetProxy = 1508153F26B30A7A00660A82 /* PBXContainerItemProxy */;
		};
/* End PBXTargetDependency section */

/* Begin XCBuildConfiguration section */
		1508154526B30A7A00660A82 /* Debug */ = {
			isa = XCBuildConfiguration;
			buildSettings = {
				ALWAYS_SEARCH_USER_PATHS = NO;
				CLANG_ANALYZER_NONNULL = YES;
				CLANG_ANALYZER_NUMBER_OBJECT_CONVERSION = YES_AGGRESSIVE;
				CLANG_CXX_LANGUAGE_STANDARD = "gnu++14";
				CLANG_CXX_LIBRARY = "libc++";
				CLANG_ENABLE_MODULES = YES;
				CLANG_ENABLE_OBJC_ARC = YES;
				CLANG_ENABLE_OBJC_WEAK = YES;
				CLANG_WARN_BLOCK_CAPTURE_AUTORELEASING = YES;
				CLANG_WARN_BOOL_CONVERSION = YES;
				CLANG_WARN_COMMA = YES;
				CLANG_WARN_CONSTANT_CONVERSION = YES;
				CLANG_WARN_DEPRECATED_OBJC_IMPLEMENTATIONS = YES;
				CLANG_WARN_DIRECT_OBJC_ISA_USAGE = YES_ERROR;
				CLANG_WARN_DOCUMENTATION_COMMENTS = YES;
				CLANG_WARN_EMPTY_BODY = YES;
				CLANG_WARN_ENUM_CONVERSION = YES;
				CLANG_WARN_INFINITE_RECURSION = YES;
				CLANG_WARN_INT_CONVERSION = YES;
				CLANG_WARN_NON_LITERAL_NULL_CONVERSION = YES;
				CLANG_WARN_OBJC_IMPLICIT_RETAIN_SELF = YES;
				CLANG_WARN_OBJC_LITERAL_CONVERSION = YES;
				CLANG_WARN_OBJC_ROOT_CLASS = YES_ERROR;
				CLANG_WARN_QUOTED_INCLUDE_IN_FRAMEWORK_HEADER = YES;
				CLANG_WARN_RANGE_LOOP_ANALYSIS = YES;
				CLANG_WARN_STRICT_PROTOTYPES = YES;
				CLANG_WARN_SUSPICIOUS_MOVE = YES;
				CLANG_WARN_UNGUARDED_AVAILABILITY = YES_AGGRESSIVE;
				CLANG_WARN_UNREACHABLE_CODE = YES;
				CLANG_WARN__DUPLICATE_METHOD_MATCH = YES;
				COPY_PHASE_STRIP = NO;
				DEBUG_INFORMATION_FORMAT = dwarf;
				ENABLE_STRICT_OBJC_MSGSEND = YES;
				ENABLE_TESTABILITY = YES;
				GCC_C_LANGUAGE_STANDARD = gnu11;
				GCC_DYNAMIC_NO_PIC = NO;
				GCC_NO_COMMON_BLOCKS = YES;
				GCC_OPTIMIZATION_LEVEL = 0;
				GCC_PREPROCESSOR_DEFINITIONS = (
					"DEBUG=1",
					"$(inherited)",
				);
				GCC_WARN_64_TO_32_BIT_CONVERSION = YES;
				GCC_WARN_ABOUT_RETURN_TYPE = YES_ERROR;
				GCC_WARN_UNDECLARED_SELECTOR = YES;
				GCC_WARN_UNINITIALIZED_AUTOS = YES_AGGRESSIVE;
				GCC_WARN_UNUSED_FUNCTION = YES;
				GCC_WARN_UNUSED_VARIABLE = YES;
				IPHONEOS_DEPLOYMENT_TARGET = 14.5;
				MTL_ENABLE_DEBUG_INFO = INCLUDE_SOURCE;
				MTL_FAST_MATH = YES;
				ONLY_ACTIVE_ARCH = YES;
				SDKROOT = iphoneos;
				SWIFT_ACTIVE_COMPILATION_CONDITIONS = DEBUG;
				SWIFT_OPTIMIZATION_LEVEL = "-Onone";
			};
			name = Debug;
		};
		1508154626B30A7A00660A82 /* Release */ = {
			isa = XCBuildConfiguration;
			buildSettings = {
				ALWAYS_SEARCH_USER_PATHS = NO;
				CLANG_ANALYZER_NONNULL = YES;
				CLANG_ANALYZER_NUMBER_OBJECT_CONVERSION = YES_AGGRESSIVE;
				CLANG_CXX_LANGUAGE_STANDARD = "gnu++14";
				CLANG_CXX_LIBRARY = "libc++";
				CLANG_ENABLE_MODULES = YES;
				CLANG_ENABLE_OBJC_ARC = YES;
				CLANG_ENABLE_OBJC_WEAK = YES;
				CLANG_WARN_BLOCK_CAPTURE_AUTORELEASING = YES;
				CLANG_WARN_BOOL_CONVERSION = YES;
				CLANG_WARN_COMMA = YES;
				CLANG_WARN_CONSTANT_CONVERSION = YES;
				CLANG_WARN_DEPRECATED_OBJC_IMPLEMENTATIONS = YES;
				CLANG_WARN_DIRECT_OBJC_ISA_USAGE = YES_ERROR;
				CLANG_WARN_DOCUMENTATION_COMMENTS = YES;
				CLANG_WARN_EMPTY_BODY = YES;
				CLANG_WARN_ENUM_CONVERSION = YES;
				CLANG_WARN_INFINITE_RECURSION = YES;
				CLANG_WARN_INT_CONVERSION = YES;
				CLANG_WARN_NON_LITERAL_NULL_CONVERSION = YES;
				CLANG_WARN_OBJC_IMPLICIT_RETAIN_SELF = YES;
				CLANG_WARN_OBJC_LITERAL_CONVERSION = YES;
				CLANG_WARN_OBJC_ROOT_CLASS = YES_ERROR;
				CLANG_WARN_QUOTED_INCLUDE_IN_FRAMEWORK_HEADER = YES;
				CLANG_WARN_RANGE_LOOP_ANALYSIS = YES;
				CLANG_WARN_STRICT_PROTOTYPES = YES;
				CLANG_WARN_SUSPICIOUS_MOVE = YES;
				CLANG_WARN_UNGUARDED_AVAILABILITY = YES_AGGRESSIVE;
				CLANG_WARN_UNREACHABLE_CODE = YES;
				CLANG_WARN__DUPLICATE_METHOD_MATCH = YES;
				COPY_PHASE_STRIP = NO;
				DEBUG_INFORMATION_FORMAT = "dwarf-with-dsym";
				ENABLE_NS_ASSERTIONS = NO;
				ENABLE_STRICT_OBJC_MSGSEND = YES;
				GCC_C_LANGUAGE_STANDARD = gnu11;
				GCC_NO_COMMON_BLOCKS = YES;
				GCC_WARN_64_TO_32_BIT_CONVERSION = YES;
				GCC_WARN_ABOUT_RETURN_TYPE = YES_ERROR;
				GCC_WARN_UNDECLARED_SELECTOR = YES;
				GCC_WARN_UNINITIALIZED_AUTOS = YES_AGGRESSIVE;
				GCC_WARN_UNUSED_FUNCTION = YES;
				GCC_WARN_UNUSED_VARIABLE = YES;
				IPHONEOS_DEPLOYMENT_TARGET = 14.5;
				MTL_ENABLE_DEBUG_INFO = NO;
				MTL_FAST_MATH = YES;
				SDKROOT = iphoneos;
				SWIFT_COMPILATION_MODE = wholemodule;
				SWIFT_OPTIMIZATION_LEVEL = "-O";
				VALIDATE_PRODUCT = YES;
			};
			name = Release;
		};
		1508154826B30A7A00660A82 /* Debug */ = {
			isa = XCBuildConfiguration;
			buildSettings = {
				ASSETCATALOG_COMPILER_APPICON_NAME = AppIcon;
				ASSETCATALOG_COMPILER_GLOBAL_ACCENT_COLOR_NAME = AccentColor;
				CODE_SIGN_STYLE = Automatic;
				DEVELOPMENT_ASSET_PATHS = "\"API Hackwich/Preview Content\"";
				DEVELOPMENT_TEAM = ZCJ9SPKDKH;
				ENABLE_PREVIEWS = YES;
				INFOPLIST_FILE = "API Hackwich/Info.plist";
				IPHONEOS_DEPLOYMENT_TARGET = 14.0;
				LD_RUNPATH_SEARCH_PATHS = (
					"$(inherited)",
					"@executable_path/Frameworks",
				);
				PRODUCT_BUNDLE_IDENTIFIER = "Amelia-Tan.API-Hackwich";
				PRODUCT_NAME = "$(TARGET_NAME)";
				SWIFT_VERSION = 5.0;
				TARGETED_DEVICE_FAMILY = "1,2";
			};
			name = Debug;
		};
		1508154926B30A7A00660A82 /* Release */ = {
			isa = XCBuildConfiguration;
			buildSettings = {
				ASSETCATALOG_COMPILER_APPICON_NAME = AppIcon;
				ASSETCATALOG_COMPILER_GLOBAL_ACCENT_COLOR_NAME = AccentColor;
				CODE_SIGN_STYLE = Automatic;
				DEVELOPMENT_ASSET_PATHS = "\"API Hackwich/Preview Content\"";
				DEVELOPMENT_TEAM = ZCJ9SPKDKH;
				ENABLE_PREVIEWS = YES;
				INFOPLIST_FILE = "API Hackwich/Info.plist";
				IPHONEOS_DEPLOYMENT_TARGET = 14.0;
				LD_RUNPATH_SEARCH_PATHS = (
					"$(inherited)",
					"@executable_path/Frameworks",
				);
				PRODUCT_BUNDLE_IDENTIFIER = "Amelia-Tan.API-Hackwich";
				PRODUCT_NAME = "$(TARGET_NAME)";
				SWIFT_VERSION = 5.0;
				TARGETED_DEVICE_FAMILY = "1,2";
			};
			name = Release;
		};
		1508154B26B30A7A00660A82 /* Debug */ = {
			isa = XCBuildConfiguration;
			buildSettings = {
				ALWAYS_EMBED_SWIFT_STANDARD_LIBRARIES = YES;
				BUNDLE_LOADER = "$(TEST_HOST)";
				CODE_SIGN_STYLE = Automatic;
				DEVELOPMENT_TEAM = ZCJ9SPKDKH;
				INFOPLIST_FILE = "API HackwichTests/Info.plist";
				IPHONEOS_DEPLOYMENT_TARGET = 14.0;
				LD_RUNPATH_SEARCH_PATHS = (
					"$(inherited)",
					"@executable_path/Frameworks",
					"@loader_path/Frameworks",
				);
				PRODUCT_BUNDLE_IDENTIFIER = "Amelia-Tan.API-HackwichTests";
				PRODUCT_NAME = "$(TARGET_NAME)";
				SWIFT_VERSION = 5.0;
				TARGETED_DEVICE_FAMILY = "1,2";
				TEST_HOST = "$(BUILT_PRODUCTS_DIR)/API Hackwich.app/API Hackwich";
			};
			name = Debug;
		};
		1508154C26B30A7A00660A82 /* Release */ = {
			isa = XCBuildConfiguration;
			buildSettings = {
				ALWAYS_EMBED_SWIFT_STANDARD_LIBRARIES = YES;
				BUNDLE_LOADER = "$(TEST_HOST)";
				CODE_SIGN_STYLE = Automatic;
				DEVELOPMENT_TEAM = ZCJ9SPKDKH;
				INFOPLIST_FILE = "API HackwichTests/Info.plist";
				IPHONEOS_DEPLOYMENT_TARGET = 14.0;
				LD_RUNPATH_SEARCH_PATHS = (
					"$(inherited)",
					"@executable_path/Frameworks",
					"@loader_path/Frameworks",
				);
				PRODUCT_BUNDLE_IDENTIFIER = "Amelia-Tan.API-HackwichTests";
				PRODUCT_NAME = "$(TARGET_NAME)";
				SWIFT_VERSION = 5.0;
				TARGETED_DEVICE_FAMILY = "1,2";
				TEST_HOST = "$(BUILT_PRODUCTS_DIR)/API Hackwich.app/API Hackwich";
			};
			name = Release;
		};
		1508154E26B30A7A00660A82 /* Debug */ = {
			isa = XCBuildConfiguration;
			buildSettings = {
				ALWAYS_EMBED_SWIFT_STANDARD_LIBRARIES = YES;
				CODE_SIGN_STYLE = Automatic;
				DEVELOPMENT_TEAM = ZCJ9SPKDKH;
				INFOPLIST_FILE = "API HackwichUITests/Info.plist";
				LD_RUNPATH_SEARCH_PATHS = (
					"$(inherited)",
					"@executable_path/Frameworks",
					"@loader_path/Frameworks",
				);
				PRODUCT_BUNDLE_IDENTIFIER = "Amelia-Tan.API-HackwichUITests";
				PRODUCT_NAME = "$(TARGET_NAME)";
				SWIFT_VERSION = 5.0;
				TARGETED_DEVICE_FAMILY = "1,2";
				TEST_TARGET_NAME = "API Hackwich";
			};
			name = Debug;
		};
		1508154F26B30A7A00660A82 /* Release */ = {
			isa = XCBuildConfiguration;
			buildSettings = {
				ALWAYS_EMBED_SWIFT_STANDARD_LIBRARIES = YES;
				CODE_SIGN_STYLE = Automatic;
				DEVELOPMENT_TEAM = ZCJ9SPKDKH;
				INFOPLIST_FILE = "API HackwichUITests/Info.plist";
				LD_RUNPATH_SEARCH_PATHS = (
					"$(inherited)",
					"@executable_path/Frameworks",
					"@loader_path/Frameworks",
				);
				PRODUCT_BUNDLE_IDENTIFIER = "Amelia-Tan.API-HackwichUITests";
				PRODUCT_NAME = "$(TARGET_NAME)";
				SWIFT_VERSION = 5.0;
				TARGETED_DEVICE_FAMILY = "1,2";
				TEST_TARGET_NAME = "API Hackwich";
			};
			name = Release;
		};
/* End XCBuildConfiguration section */

/* Begin XCConfigurationList section */
		1508151D26B30A6E00660A82 /* Build configuration list for PBXProject "API Hackwich" */ = {
			isa = XCConfigurationList;
			buildConfigurations = (
				1508154526B30A7A00660A82 /* Debug */,
				1508154626B30A7A00660A82 /* Release */,
			);
			defaultConfigurationIsVisible = 0;
			defaultConfigurationName = Release;
		};
		1508154726B30A7A00660A82 /* Build configuration list for PBXNativeTarget "API Hackwich" */ = {
			isa = XCConfigurationList;
			buildConfigurations = (
				1508154826B30A7A00660A82 /* Debug */,
				1508154926B30A7A00660A82 /* Release */,
			);
			defaultConfigurationIsVisible = 0;
			defaultConfigurationName = Release;
		};
		1508154A26B30A7A00660A82 /* Build configuration list for PBXNativeTarget "API HackwichTests" */ = {
			isa = XCConfigurationList;
			buildConfigurations = (
				1508154B26B30A7A00660A82 /* Debug */,
				1508154C26B30A7A00660A82 /* Release */,
			);
			defaultConfigurationIsVisible = 0;
			defaultConfigurationName = Release;
		};
		1508154D26B30A7A00660A82 /* Build configuration list for PBXNativeTarget "API HackwichUITests" */ = {
			isa = XCConfigurationList;
			buildConfigurations = (
				1508154E26B30A7A00660A82 /* Debug */,
				1508154F26B30A7A00660A82 /* Release */,
			);
			defaultConfigurationIsVisible = 0;
			defaultConfigurationName = Release;
		};
/* End XCConfigurationList section */
	};
	rootObject = 1508151A26B30A6E00660A82 /* Project object */;
}
